
Microsoft Visual Studio Solution File, Format Version 12.00
# Visual Studio 14
VisualStudioVersion = 14.0.25420.1
MinimumVisualStudioVersion = 10.0.40219.1
Project("{FAE04EC0-301F-11D3-BF4B-00C04F79EFBC}") = "TabTest", "TabTest\TabTest\TabTest.csproj", "{874CDA48-CE35-46F3-9553-3FFDD397E735}"
EndProject
Project("{FAE04EC0-301F-11D3-BF4B-00C04F79EFBC}") = "TabTest.Droid", "TabTest\TabTest.Droid\TabTest.Droid.csproj", "{EA4631B6-7A3F-44B4-B7BB-58046E352441}"
EndProject
Project("{FAE04EC0-301F-11D3-BF4B-00C04F79EFBC}") = "TabTest.iOS", "TabTest\TabTest.iOS\TabTest.iOS.csproj", "{00E715EF-18D6-4C54-B921-C526FF1D7286}"
EndProject
Global
	GlobalSection(SolutionConfigurationPlatforms) = preSolution
		Ad-Hoc|Any CPU = Ad-Hoc|Any CPU
		Ad-Hoc|iPhone = Ad-Hoc|iPhone
		Ad-Hoc|iPhoneSimulator = Ad-Hoc|iPhoneSimulator
		AppStore|Any CPU = AppStore|Any CPU
		AppStore|iPhone = AppStore|iPhone
		AppStore|iPhoneSimulator = AppStore|iPhoneSimulator
		Debug|Any CPU = Debug|Any CPU
		Debug|iPhone = Debug|iPhone
		Debug|iPhoneSimulator = Debug|iPhoneSimulator
		Release|Any CPU = Release|Any CPU
		Release|iPhone = Release|iPhone
		Release|iPhoneSimulator = Release|iPhoneSimulator
	EndGlobalSection
	GlobalSection(ProjectConfigurationPlatforms) = postSolution
		{874CDA48-CE35-46F3-9553-3FFDD397E735}.Ad-Hoc|Any CPU.ActiveCfg = Release|Any CPU
		{874CDA48-CE35-46F3-9553-3FFDD397E735}.Ad-Hoc|Any CPU.Build.0 = Release|Any CPU
		{874CDA48-CE35-46F3-9553-3FFDD397E735}.Ad-Hoc|iPhone.ActiveCfg = Release|Any CPU
		{874CDA48-CE35-46F3-9553-3FFDD397E735}.Ad-Hoc|iPhone.Build.0 = Release|Any CPU
		{874CDA48-CE35-46F3-9553-3FFDD397E735}.Ad-Hoc|iPhoneSimulator.ActiveCfg = Release|Any CPU
		{874CDA48-CE35-46F3-9553-3FFDD397E735}.Ad-Hoc|iPhoneSimulator.Build.0 = Release|Any CPU
		{874CDA48-CE35-46F3-9553-3FFDD397E735}.AppStore|Any CPU.ActiveCfg = Release|Any CPU
		{874CDA48-CE35-46F3-9553-3FFDD397E735}.AppStore|Any CPU.Build.0 = Release|Any CPU
		{874CDA48-CE35-46F3-9553-3FFDD397E735}.AppStore|iPhone.ActiveCfg = Release|Any CPU
		{874CDA48-CE35-46F3-9553-3FFDD397E735}.AppStore|iPhone.Build.0 = Release|Any CPU
		{874CDA48-CE35-46F3-9553-3FFDD397E735}.AppStore|iPhoneSimulator.ActiveCfg = Release|Any CPU
		{874CDA48-CE35-46F3-9553-3FFDD397E735}.AppStore|iPhoneSimulator.Build.0 = Release|Any CPU
		{874CDA48-CE35-46F3-9553-3FFDD397E735}.Debug|Any CPU.ActiveCfg = Debug|Any CPU
		{874CDA48-CE35-46F3-9553-3FFDD397E735}.Debug|Any CPU.Build.0 = Debug|Any CPU
		{874CDA48-CE35-46F3-9553-3FFDD397E735}.Debug|iPhone.ActiveCfg = Debug|Any CPU
		{874CDA48-CE35-46F3-9553-3FFDD397E735}.Debug|iPhone.Build.0 = Debug|Any CPU
		{874CDA48-CE35-46F3-9553-3FFDD397E735}.Debug|iPhoneSimulator.ActiveCfg = Debug|Any CPU
		{874CDA48-CE35-46F3-9553-3FFDD397E735}.Debug|iPhoneSimulator.Build.0 = Debug|Any CPU
		{874CDA48-CE35-46F3-9553-3FFDD397E735}.Release|Any CPU.ActiveCfg = Release|Any CPU
		{874CDA48-CE35-46F3-9553-3FFDD397E735}.Release|Any CPU.Build.0 = Release|Any CPU
		{874CDA48-CE35-46F3-9553-3FFDD397E735}.Release|iPhone.ActiveCfg = Release|Any CPU
		{874CDA48-CE35-46F3-9553-3FFDD397E735}.Release|iPhone.Build.0 = Release|Any CPU
		{874CDA48-CE35-46F3-9553-3FFDD397E735}.Release|iPhoneSimulator.ActiveCfg = Release|Any CPU
		{874CDA48-CE35-46F3-9553-3FFDD397E735}.Release|iPhoneSimulator.Build.0 = Release|Any CPU
		{EA4631B6-7A3F-44B4-B7BB-58046E352441}.Ad-Hoc|Any CPU.ActiveCfg = Release|Any CPU
		{EA4631B6-7A3F-44B4-B7BB-58046E352441}.Ad-Hoc|Any CPU.Build.0 = Release|Any CPU
		{EA4631B6-7A3F-44B4-B7BB-58046E352441}.Ad-Hoc|Any CPU.Deploy.0 = Release|Any CPU
		{EA4631B6-7A3F-44B4-B7BB-58046E352441}.Ad-Hoc|iPhone.ActiveCfg = Release|Any CPU
		{EA4631B6-7A3F-44B4-B7BB-58046E352441}.Ad-Hoc|iPhone.Build.0 = Release|Any CPU
		{EA4631B6-7A3F-44B4-B7BB-58046E352441}.Ad-Hoc|iPhone.Deploy.0 = Release|Any CPU
		{EA4631B6-7A3F-44B4-B7BB-58046E352441}.Ad-Hoc|iPhoneSimulator.ActiveCfg = Release|Any CPU
		{EA4631B6-7A3F-44B4-B7BB-58046E352441}.Ad-Hoc|iPhoneSimulator.Build.0 = Release|Any CPU
		{EA4631B6-7A3F-44B4-B7BB-58046E352441}.Ad-Hoc|iPhoneSimulator.Deploy.0 = Release|Any CPU
		{EA4631B6-7A3F-44B4-B7BB-58046E352441}.AppStore|Any CPU.ActiveCfg = Release|Any CPU
		{EA4631B6-7A3F-44B4-B7BB-58046E352441}.AppStore|Any CPU.Build.0 = Release|Any CPU
		{EA4631B6-7A3F-44B4-B7BB-58046E352441}.AppStore|Any CPU.Deploy.0 = Release|Any CPU
		{EA4631B6-7A3F-44B4-B7BB-58046E352441}.AppStore|iPhone.ActiveCfg = Release|Any CPU
		{EA4631B6-7A3F-44B4-B7BB-58046E352441}.AppStore|iPhone.Build.0 = Release|Any CPU
		{EA4631B6-7A3F-44B4-B7BB-58046E352441}.AppStore|iPhone.Deploy.0 = Release|Any CPU
		{EA4631B6-7A3F-44B4-B7BB-58046E352441}.AppStore|iPhoneSimulator.ActiveCfg = Release|Any CPU
		{EA4631B6-7A3F-44B4-B7BB-58046E352441}.AppStore|iPhoneSimulator.Build.0 = Release|Any CPU
		{EA4631B6-7A3F-44B4-B7BB-58046E352441}.AppStore|iPhoneSimulator.Deploy.0 = Release|Any CPU
		{EA4631B6-7A3F-44B4-B7BB-58046E352441}.Debug|Any CPU.ActiveCfg = Debug|Any CPU
		{EA4631B6-7A3F-44B4-B7BB-58046E352441}.Debug|Any CPU.Build.0 = Debug|Any CPU
		{EA4631B6-7A3F-44B4-B7BB-58046E352441}.Debug|Any CPU.Deploy.0 = Debug|Any CPU
		{EA4631B6-7A3F-44B4-B7BB-58046E352441}.Debug|iPhone.ActiveCfg = Debug|Any CPU
		{EA4631B6-7A3F-44B4-B7BB-58046E352441}.Debug|iPhone.Build.0 = Debug|Any CPU
		{EA4631B6-7A3F-44B4-B7BB-58046E352441}.Debug|iPhone.Deploy.0 = Debug|Any CPU
		{EA4631B6-7A3F-44B4-B7BB-58046E352441}.Debug|iPhoneSimulator.ActiveCfg = Debug|Any CPU
		{EA4631B6-7A3F-44B4-B7BB-58046E352441}.Debug|iPhoneSimulator.Build.0 = Debug|Any CPU
		{EA4631B6-7A3F-44B4-B7BB-58046E352441}.Debug|iPhoneSimulator.Deploy.0 = Debug|Any CPU
		{EA4631B6-7A3F-44B4-B7BB-58046E352441}.Release|Any CPU.ActiveCfg = Release|Any CPU
		{EA4631B6-7A3F-44B4-B7BB-58046E352441}.Release|Any CPU.Build.0 = Release|Any CPU
		{EA4631B6-7A3F-44B4-B7BB-58046E352441}.Release|Any CPU.Deploy.0 = Release|Any CPU
		{EA4631B6-7A3F-44B4-B7BB-58046E352441}.Release|iPhone.ActiveCfg = Release|Any CPU
		{EA4631B6-7A3F-44B4-B7BB-58046E352441}.Release|iPhone.Build.0 = Release|Any CPU
		{EA4631B6-7A3F-44B4-B7BB-58046E352441}.Release|iPhone.Deploy.0 = Release|Any CPU
		{EA4631B6-7A3F-44B4-B7BB-58046E352441}.Release|iPhoneSimulator.ActiveCfg = Release|Any CPU
		{EA4631B6-7A3F-44B4-B7BB-58046E352441}.Release|iPhoneSimulator.Build.0 = Release|Any CPU
		{EA4631B6-7A3F-44B4-B7BB-58046E352441}.Release|iPhoneSimulator.Deploy.0 = Release|Any CPU
		{00E715EF-18D6-4C54-B921-C526FF1D7286}.Ad-Hoc|Any CPU.ActiveCfg = Ad-Hoc|iPhone
		{00E715EF-18D6-4C54-B921-C526FF1D7286}.Ad-Hoc|iPhone.ActiveCfg = Ad-Hoc|iPhone
		{00E715EF-18D6-4C54-B921-C526FF1D7286}.Ad-Hoc|iPhone.Build.0 = Ad-Hoc|iPhone
		{00E715EF-18D6-4C54-B921-C526FF1D7286}.Ad-Hoc|iPhoneSimulator.ActiveCfg = Ad-Hoc|iPhoneSimulator
		{00E715EF-18D6-4C54-B921-C526FF1D7286}.Ad-Hoc|iPhoneSimulator.Build.0 = Ad-Hoc|iPhoneSimulator
		{00E715EF-18D6-4C54-B921-C526FF1D7286}.AppStore|Any CPU.ActiveCfg = AppStore|iPhone
		{00E715EF-18D6-4C54-B921-C526FF1D7286}.AppStore|iPhone.ActiveCfg = AppStore|iPhone
		{00E715EF-18D6-4C54-B921-C526FF1D7286}.AppStore|iPhone.Build.0 = AppStore|iPhone
		{00E715EF-18D6-4C54-B921-C526FF1D7286}.AppStore|iPhoneSimulator.ActiveCfg = AppStore|iPhoneSimulator
		{00E715EF-18D6-4C54-B921-C526FF1D7286}.AppStore|iPhoneSimulator.Build.0 = AppStore|iPhoneSimulator
		{00E715EF-18D6-4C54-B921-C526FF1D7286}.Debug|Any CPU.ActiveCfg = Debug|iPhone
		{00E715EF-18D6-4C54-B921-C526FF1D7286}.Debug|iPhone.ActiveCfg = Debug|iPhone
		{00E715EF-18D6-4C54-B921-C526FF1D7286}.Debug|iPhone.Build.0 = Debug|iPhone
		{00E715EF-18D6-4C54-B921-C526FF1D7286}.Debug|iPhoneSimulator.ActiveCfg = Debug|iPhoneSimulator
		{00E715EF-18D6-4C54-B921-C526FF1D7286}.Debug|iPhoneSimulator.Build.0 = Debug|iPhoneSimulator
		{00E715EF-18D6-4C54-B921-C526FF1D7286}.Release|Any CPU.ActiveCfg = Release|iPhone
		{00E715EF-18D6-4C54-B921-C526FF1D7286}.Release|iPhone.ActiveCfg = Release|iPhone
		{00E715EF-18D6-4C54-B921-C526FF1D7286}.Release|iPhone.Build.0 = Release|iPhone
		{00E715EF-18D6-4C54-B921-C526FF1D7286}.Release|iPhoneSimulator.ActiveCfg = Release|iPhoneSimulator
		{00E715EF-18D6-4C54-B921-C526FF1D7286}.Release|iPhoneSimulator.Build.0 = Release|iPhoneSimulator
	EndGlobalSection
	GlobalSection(SolutionProperties) = preSolution
		HideSolutionNode = FALSE
	EndGlobalSection
EndGlobal
